
Microsoft Visual Studio Solution File, Format Version 12.00
# Visual Studio Version 17
VisualStudioVersion = 17.6.33829.357
MinimumVisualStudioVersion = 10.0.40219.1
Project("{9A19103F-16F7-4668-BE54-9A1E7A4F7556}") = "MB11", "MB01\MB11.csproj", "{F029AC32-DE27-4C9F-9EA3-54BD06A07223}"
EndProject
Project("{9A19103F-16F7-4668-BE54-9A1E7A4F7556}") = "MB02", "MB02\MB02.csproj", "{163773DD-7A13-49D1-90DC-C09C8BD23A18}"
EndProject
Project("{9A19103F-16F7-4668-BE54-9A1E7A4F7556}") = "MB04", "MB04\MB04.csproj", "{FE2B60D2-CB91-479A-8342-4EE54A81628B}"
EndProject
Project("{9A19103F-16F7-4668-BE54-9A1E7A4F7556}") = "MB03", "MB03\MB03.csproj", "{250D18A8-C5CD-49A0-99BF-740E83931BE9}"
EndProject
Global
	GlobalSection(SolutionConfigurationPlatforms) = preSolution
		Debug|Any CPU = Debug|Any CPU
		Release|Any CPU = Release|Any CPU
	EndGlobalSection
	GlobalSection(ProjectConfigurationPlatforms) = postSolution
		{F029AC32-DE27-4C9F-9EA3-54BD06A07223}.Debug|Any CPU.ActiveCfg = Debug|Any CPU
		{F029AC32-DE27-4C9F-9EA3-54BD06A07223}.Debug|Any CPU.Build.0 = Debug|Any CPU
		{F029AC32-DE27-4C9F-9EA3-54BD06A07223}.Release|Any CPU.ActiveCfg = Release|Any CPU
		{F029AC32-DE27-4C9F-9EA3-54BD06A07223}.Release|Any CPU.Build.0 = Release|Any CPU
		{163773DD-7A13-49D1-90DC-C09C8BD23A18}.Debug|Any CPU.ActiveCfg = Debug|Any CPU
		{163773DD-7A13-49D1-90DC-C09C8BD23A18}.Debug|Any CPU.Build.0 = Debug|Any CPU
		{163773DD-7A13-49D1-90DC-C09C8BD23A18}.Release|Any CPU.ActiveCfg = Release|Any CPU
		{163773DD-7A13-49D1-90DC-C09C8BD23A18}.Release|Any CPU.Build.0 = Release|Any CPU
		{FE2B60D2-CB91-479A-8342-4EE54A81628B}.Debug|Any CPU.ActiveCfg = Debug|Any CPU
		{FE2B60D2-CB91-479A-8342-4EE54A81628B}.Debug|Any CPU.Build.0 = Debug|Any CPU
		{FE2B60D2-CB91-479A-8342-4EE54A81628B}.Release|Any CPU.ActiveCfg = Release|Any CPU
		{FE2B60D2-CB91-479A-8342-4EE54A81628B}.Release|Any CPU.Build.0 = Release|Any CPU
		{250D18A8-C5CD-49A0-99BF-740E83931BE9}.Debug|Any CPU.ActiveCfg = Debug|Any CPU
		{250D18A8-C5CD-49A0-99BF-740E83931BE9}.Debug|Any CPU.Build.0 = Debug|Any CPU
		{250D18A8-C5CD-49A0-99BF-740E83931BE9}.Release|Any CPU.ActiveCfg = Release|Any CPU
		{250D18A8-C5CD-49A0-99BF-740E83931BE9}.Release|Any CPU.Build.0 = Release|Any CPU
	EndGlobalSection
	GlobalSection(SolutionProperties) = preSolution
		HideSolutionNode = FALSE
	EndGlobalSection
	GlobalSection(ExtensibilityGlobals) = postSolution
		SolutionGuid = {4864E105-633E-4E5A-92FF-8DB1536BD015}
	EndGlobalSection
EndGlobal
