
Microsoft Visual Studio Solution File, Format Version 12.00
# Visual Studio Version 17
VisualStudioVersion = 17.6.33829.357
MinimumVisualStudioVersion = 10.0.40219.1
Project("{9A19103F-16F7-4668-BE54-9A1E7A4F7556}") = "MB11", "MB11\MB11.csproj", "{81F0D6AB-9012-4E05-951A-82A5731FFA71}"
EndProject
Project("{9A19103F-16F7-4668-BE54-9A1E7A4F7556}") = "MB12", "MB12\MB12.csproj", "{57833143-B33F-4460-8CD7-960CE774C455}"
EndProject
Project("{9A19103F-16F7-4668-BE54-9A1E7A4F7556}") = "MB13", "MB13\MB13.csproj", "{F337FF24-5A06-4DB2-9DA5-03BFAF6A3C06}"
EndProject
Project("{9A19103F-16F7-4668-BE54-9A1E7A4F7556}") = "MB14", "MB14\MB14.csproj", "{AEE63C75-7CF9-469E-A06E-5F54897578B3}"
EndProject
Project("{9A19103F-16F7-4668-BE54-9A1E7A4F7556}") = "MB09", "..\ZbW.PF2.U\MB09\MB09.csproj", "{92F4429D-7124-455D-93BF-1CF9BCDCCCC2}"
EndProject
Project("{9A19103F-16F7-4668-BE54-9A1E7A4F7556}") = "MB10", "..\ZbW.PF2.U\MB10\MB10.csproj", "{C53345D0-CF8F-4A55-8A24-841B37638A21}"
EndProject
Project("{FAE04EC0-301F-11D3-BF4B-00C04F79EFBC}") = "MB15", "MB15\MB15.csproj", "{88F47041-8AC8-4EA6-9402-3AF47CD87FED}"
EndProject
Global
	GlobalSection(SolutionConfigurationPlatforms) = preSolution
		Debug|Any CPU = Debug|Any CPU
		Release|Any CPU = Release|Any CPU
	EndGlobalSection
	GlobalSection(ProjectConfigurationPlatforms) = postSolution
		{81F0D6AB-9012-4E05-951A-82A5731FFA71}.Debug|Any CPU.ActiveCfg = Debug|Any CPU
		{81F0D6AB-9012-4E05-951A-82A5731FFA71}.Debug|Any CPU.Build.0 = Debug|Any CPU
		{81F0D6AB-9012-4E05-951A-82A5731FFA71}.Release|Any CPU.ActiveCfg = Release|Any CPU
		{81F0D6AB-9012-4E05-951A-82A5731FFA71}.Release|Any CPU.Build.0 = Release|Any CPU
		{57833143-B33F-4460-8CD7-960CE774C455}.Debug|Any CPU.ActiveCfg = Debug|Any CPU
		{57833143-B33F-4460-8CD7-960CE774C455}.Debug|Any CPU.Build.0 = Debug|Any CPU
		{57833143-B33F-4460-8CD7-960CE774C455}.Release|Any CPU.ActiveCfg = Release|Any CPU
		{57833143-B33F-4460-8CD7-960CE774C455}.Release|Any CPU.Build.0 = Release|Any CPU
		{F337FF24-5A06-4DB2-9DA5-03BFAF6A3C06}.Debug|Any CPU.ActiveCfg = Debug|Any CPU
		{F337FF24-5A06-4DB2-9DA5-03BFAF6A3C06}.Debug|Any CPU.Build.0 = Debug|Any CPU
		{F337FF24-5A06-4DB2-9DA5-03BFAF6A3C06}.Release|Any CPU.ActiveCfg = Release|Any CPU
		{F337FF24-5A06-4DB2-9DA5-03BFAF6A3C06}.Release|Any CPU.Build.0 = Release|Any CPU
		{AEE63C75-7CF9-469E-A06E-5F54897578B3}.Debug|Any CPU.ActiveCfg = Debug|Any CPU
		{AEE63C75-7CF9-469E-A06E-5F54897578B3}.Debug|Any CPU.Build.0 = Debug|Any CPU
		{AEE63C75-7CF9-469E-A06E-5F54897578B3}.Release|Any CPU.ActiveCfg = Release|Any CPU
		{AEE63C75-7CF9-469E-A06E-5F54897578B3}.Release|Any CPU.Build.0 = Release|Any CPU
		{92F4429D-7124-455D-93BF-1CF9BCDCCCC2}.Debug|Any CPU.ActiveCfg = Debug|Any CPU
		{92F4429D-7124-455D-93BF-1CF9BCDCCCC2}.Debug|Any CPU.Build.0 = Debug|Any CPU
		{92F4429D-7124-455D-93BF-1CF9BCDCCCC2}.Release|Any CPU.ActiveCfg = Release|Any CPU
		{92F4429D-7124-455D-93BF-1CF9BCDCCCC2}.Release|Any CPU.Build.0 = Release|Any CPU
		{C53345D0-CF8F-4A55-8A24-841B37638A21}.Debug|Any CPU.ActiveCfg = Debug|Any CPU
		{C53345D0-CF8F-4A55-8A24-841B37638A21}.Debug|Any CPU.Build.0 = Debug|Any CPU
		{C53345D0-CF8F-4A55-8A24-841B37638A21}.Release|Any CPU.ActiveCfg = Release|Any CPU
		{C53345D0-CF8F-4A55-8A24-841B37638A21}.Release|Any CPU.Build.0 = Release|Any CPU
		{88F47041-8AC8-4EA6-9402-3AF47CD87FED}.Debug|Any CPU.ActiveCfg = Debug|Any CPU
		{88F47041-8AC8-4EA6-9402-3AF47CD87FED}.Debug|Any CPU.Build.0 = Debug|Any CPU
		{88F47041-8AC8-4EA6-9402-3AF47CD87FED}.Release|Any CPU.ActiveCfg = Release|Any CPU
		{88F47041-8AC8-4EA6-9402-3AF47CD87FED}.Release|Any CPU.Build.0 = Release|Any CPU
	EndGlobalSection
	GlobalSection(SolutionProperties) = preSolution
		HideSolutionNode = FALSE
	EndGlobalSection
	GlobalSection(ExtensibilityGlobals) = postSolution
		SolutionGuid = {4864E105-633E-4E5A-92FF-8DB1536BD015}
	EndGlobalSection
EndGlobal
