
Microsoft Visual Studio Solution File, Format Version 12.00
# Visual Studio Version 17
VisualStudioVersion = 17.6.33829.357
MinimumVisualStudioVersion = 10.0.40219.1
Project("{FAE04EC0-301F-11D3-BF4B-00C04F79EFBC}") = "MB01", "MB01\MB01.csproj", "{F029AC32-DE27-4C9F-9EA3-54BD06A07223}"
EndProject
Project("{FAE04EC0-301F-11D3-BF4B-00C04F79EFBC}") = "MB02", "MB02\MB02.csproj", "{49174A7F-4992-4E63-A0A1-EA6C12EBF509}"
EndProject
Global
	GlobalSection(SolutionConfigurationPlatforms) = preSolution
		Debug|Any CPU = Debug|Any CPU
		Release|Any CPU = Release|Any CPU
	EndGlobalSection
	GlobalSection(ProjectConfigurationPlatforms) = postSolution
		{F029AC32-DE27-4C9F-9EA3-54BD06A07223}.Debug|Any CPU.ActiveCfg = Debug|Any CPU
		{F029AC32-DE27-4C9F-9EA3-54BD06A07223}.Debug|Any CPU.Build.0 = Debug|Any CPU
		{F029AC32-DE27-4C9F-9EA3-54BD06A07223}.Release|Any CPU.ActiveCfg = Release|Any CPU
		{F029AC32-DE27-4C9F-9EA3-54BD06A07223}.Release|Any CPU.Build.0 = Release|Any CPU
		{49174A7F-4992-4E63-A0A1-EA6C12EBF509}.Debug|Any CPU.ActiveCfg = Debug|Any CPU
		{49174A7F-4992-4E63-A0A1-EA6C12EBF509}.Debug|Any CPU.Build.0 = Debug|Any CPU
		{49174A7F-4992-4E63-A0A1-EA6C12EBF509}.Release|Any CPU.ActiveCfg = Release|Any CPU
		{49174A7F-4992-4E63-A0A1-EA6C12EBF509}.Release|Any CPU.Build.0 = Release|Any CPU
	EndGlobalSection
	GlobalSection(SolutionProperties) = preSolution
		HideSolutionNode = FALSE
	EndGlobalSection
	GlobalSection(ExtensibilityGlobals) = postSolution
		SolutionGuid = {4864E105-633E-4E5A-92FF-8DB1536BD015}
	EndGlobalSection
EndGlobal
